
Microsoft Visual Studio Solution File, Format Version 12.00
# Visual Studio Version 17
VisualStudioVersion = 17.11.35222.181
MinimumVisualStudioVersion = 10.0.40219.1
Project("{FAE04EC0-301F-11D3-BF4B-00C04F79EFBC}") = "Programming_technologies_3.7", "Programming_technologies_3.7\Programming_technologies_3.7.csproj", "{3967CA80-C42C-4AE5-93AF-16DF0A2A1B3D}"
EndProject
Global
	GlobalSection(SolutionConfigurationPlatforms) = preSolution
		Debug|Any CPU = Debug|Any CPU
		Release|Any CPU = Release|Any CPU
	EndGlobalSection
	GlobalSection(ProjectConfigurationPlatforms) = postSolution
		{3967CA80-C42C-4AE5-93AF-16DF0A2A1B3D}.Debug|Any CPU.ActiveCfg = Debug|Any CPU
		{3967CA80-C42C-4AE5-93AF-16DF0A2A1B3D}.Debug|Any CPU.Build.0 = Debug|Any CPU
		{3967CA80-C42C-4AE5-93AF-16DF0A2A1B3D}.Release|Any CPU.ActiveCfg = Release|Any CPU
		{3967CA80-C42C-4AE5-93AF-16DF0A2A1B3D}.Release|Any CPU.Build.0 = Release|Any CPU
	EndGlobalSection
	GlobalSection(SolutionProperties) = preSolution
		HideSolutionNode = FALSE
	EndGlobalSection
	GlobalSection(ExtensibilityGlobals) = postSolution
		SolutionGuid = {82E079A3-91B4-4EE1-9DCE-24E0F23F2CF5}
	EndGlobalSection
EndGlobal
